
Microsoft Visual Studio Solution File, Format Version 12.00
# Visual Studio Version 16
VisualStudioVersion = 16.0.33027.164
MinimumVisualStudioVersion = 10.0.40219.1
Project("{FAE04EC0-301F-11D3-BF4B-00C04F79EFBC}") = "ToDo.Console", "ToDo.Console\ToDo.Console.csproj", "{94069D6F-3634-45BB-8D33-E3AA44928E4F}"
EndProject
Global
	GlobalSection(SolutionConfigurationPlatforms) = preSolution
		Debug|Any CPU = Debug|Any CPU
		Release|Any CPU = Release|Any CPU
	EndGlobalSection
	GlobalSection(ProjectConfigurationPlatforms) = postSolution
		{94069D6F-3634-45BB-8D33-E3AA44928E4F}.Debug|Any CPU.ActiveCfg = Debug|Any CPU
		{94069D6F-3634-45BB-8D33-E3AA44928E4F}.Debug|Any CPU.Build.0 = Debug|Any CPU
		{94069D6F-3634-45BB-8D33-E3AA44928E4F}.Release|Any CPU.ActiveCfg = Release|Any CPU
		{94069D6F-3634-45BB-8D33-E3AA44928E4F}.Release|Any CPU.Build.0 = Release|Any CPU
	EndGlobalSection
	GlobalSection(SolutionProperties) = preSolution
		HideSolutionNode = FALSE
	EndGlobalSection
	GlobalSection(ExtensibilityGlobals) = postSolution
		SolutionGuid = {F8737174-D550-4968-BF96-0DC8211ADEBA}
	EndGlobalSection
EndGlobal
